<?xml version="1.0" encoding="UTF-8" standalone="yes" ?>
<CodeBlocks_project_file>
	<FileVersion major="1" minor="6" />
	<Project>
		<Option title="Interface" />
		<Option pch_mode="2" />
		<Option compiler="gcc" />
		<Build>
			<Target title="Debug">
				<Option output="bin/Interface-DEBUG" prefix_auto="1" extension_auto="1" />
				<Option working_dir="bin" />
				<Option object_output="obj/Debug/" />
				<Option type="1" />
				<Option compiler="gcc" />
				<Compiler>
					<Add option="-Wshadow" />
					<Add option="-Winit-self" />
					<Add option="-Wredundant-decls" />
					<Add option="-Wcast-align" />
					<Add option="-Wundef" />
					<Add option="-Wfloat-equal" />
					<Add option="-Winline" />
					<Add option="-Wunreachable-code" />
					<Add option="-Wmissing-declarations" />
					<Add option="-Wmissing-include-dirs" />
					<Add option="-Wswitch-default" />
					<Add option="-Weffc++" />
					<Add option="-Wmain" />
					<Add option="-pedantic" />
					<Add option="-Wzero-as-null-pointer-constant" />
					<Add option="-Wextra" />
					<Add option="-Wall" />
					<Add option="-g" />
					<Add option="-Wold-style-cast" />
					<Add option="-Wno-unknown-pragmas" />
					<Add option="-Wformat=2" />
					<Add option="-Wunused-local-typedefs" />
					<Add option="-Wuninitialized" />
					<Add option="-Wtrampolines" />
					<Add option="-Wunsafe-loop-optimizations" />
					<Add option="-Wcast-qual" />
					<Add option="-Wlogical-op" />
					<Add option="-Wmissing-format-attribute" />
					<Add option="-Winvalid-pch" />
					<Add option="-Wvector-operation-performance" />
					<Add option="-Wsign-promo" />
				</Compiler>
				<Linker>
					<Add library="Dependencies\SFML\lib\libsfml-graphics-s-d.a" />
					<Add library="Dependencies\jpeg\lib\libjpeg-s.a" />
					<Add library="Dependencies\glew\lib\libglew.a" />
					<Add library="Dependencies\SFML\lib\libsfml-window-s-d.a" />
					<Add library="Dependencies\SFML\lib\libsfml-system-s-d.a" />
					<Add library="opengl32" />
					<Add library="gdi32" />
					<Add library="winmm" />
				</Linker>
			</Target>
			<Target title="Release">
				<Option output="bin/Interface" prefix_auto="1" extension_auto="1" />
				<Option working_dir="bin" />
				<Option object_output="obj/Release/" />
				<Option type="0" />
				<Option compiler="gcc" />
				<Compiler>
					<Add option="-fexpensive-optimizations" />
					<Add option="-O3" />
					<Add option="-Wextra" />
					<Add option="-Wall" />
					<Add option="-Wdisabled-optimization" />
				</Compiler>
				<Linker>
					<Add option="-s" />
					<Add library="Dependencies\SFML\lib\libsfml-graphics-s.a" />
					<Add library="Dependencies\jpeg\lib\libjpeg-s.a" />
					<Add library="Dependencies\glew\lib\libglew.a" />
					<Add library="Dependencies\SFML\lib\libsfml-window-s.a" />
					<Add library="Dependencies\SFML\lib\libsfml-system-s.a" />
					<Add library="opengl32" />
					<Add library="gdi32" />
					<Add library="winmm" />
				</Linker>
			</Target>
			<Target title="Tests">
				<Option output="bin/Interface-TESTS" prefix_auto="1" extension_auto="1" />
				<Option working_dir="bin" />
				<Option object_output="obj/Debug/" />
				<Option type="1" />
				<Option compiler="gcc" />
				<Compiler>
					<Add option="-Wnon-virtual-dtor" />
					<Add option="-Wshadow" />
					<Add option="-Winit-self" />
					<Add option="-Wredundant-decls" />
					<Add option="-Wcast-align" />
					<Add option="-Wundef" />
					<Add option="-Wfloat-equal" />
					<Add option="-Winline" />
					<Add option="-Wunreachable-code" />
					<Add option="-Wmissing-declarations" />
					<Add option="-Wmissing-include-dirs" />
					<Add option="-Wswitch-default" />
					<Add option="-Weffc++" />
					<Add option="-Wmain" />
					<Add option="-pedantic" />
					<Add option="-Wzero-as-null-pointer-constant" />
					<Add option="-Wextra" />
					<Add option="-Wall" />
					<Add option="-g" />
					<Add option="-Wold-style-cast" />
					<Add option="-Wno-unknown-pragmas" />
					<Add option="-Wformat=2" />
					<Add option="-Wunused-local-typedefs" />
					<Add option="-Wuninitialized" />
					<Add option="-Wtrampolines" />
					<Add option="-Wunsafe-loop-optimizations" />
					<Add option="-Wcast-qual" />
					<Add option="-Wlogical-op" />
					<Add option="-Wmissing-format-attribute" />
					<Add option="-Winvalid-pch" />
					<Add option="-Wvector-operation-performance" />
					<Add option="-Wsign-promo" />
					<Add option='-isystem &quot;$(#Boost)&quot;' />
					<Add directory="$(#Boost)" />
					<Add directory="$(#UTile)/include" />
				</Compiler>
				<Linker>
					<Add library="Dependencies\SFML\lib\libsfml-graphics-s-d.a" />
					<Add library="Dependencies\jpeg\lib\libjpeg-s.a" />
					<Add library="Dependencies\glew\lib\libglew.a" />
					<Add library="Dependencies\SFML\lib\libsfml-window-s-d.a" />
					<Add library="Dependencies\SFML\lib\libsfml-system-s-d.a" />
					<Add library="opengl32" />
					<Add library="gdi32" />
					<Add library="winmm" />
				</Linker>
			</Target>
		</Build>
		<Compiler>
			<Add option="-Wextra" />
			<Add option="-Wall" />
			<Add option="-fexceptions" />
			<Add option='-isystem &quot;Dependencies\SFML\include&quot;' />
			<Add option="-D_UNICODE" />
			<Add option="-DSFML_STATIC" />
			<Add directory="Dependencies/SFML/include" />
			<Add directory="Dependencies/jpeg/include" />
			<Add directory="include" />
		</Compiler>
		<Unit filename="include/Button.hpp">
			<Option target="Debug" />
			<Option target="Release" />
		</Unit>
		<Unit filename="include/Clickable.hpp">
			<Option target="Debug" />
			<Option target="Release" />
		</Unit>
		<Unit filename="include/Drawable.hpp">
			<Option target="Debug" />
			<Option target="Release" />
		</Unit>
		<Unit filename="include/Events.hpp">
			<Option target="Debug" />
			<Option target="Release" />
		</Unit>
		<Unit filename="include/Image.hpp">
			<Option target="Debug" />
			<Option target="Release" />
		</Unit>
		<Unit filename="include/Label.hpp">
			<Option target="Debug" />
			<Option target="Release" />
		</Unit>
		<Unit filename="include/ScreenPosition.hpp" />
		<Unit filename="include/ScreenRectangle.hpp">
			<Option target="Debug" />
		</Unit>
		<Unit filename="include/ScreenSize.hpp" />
		<Unit filename="include/TextureManager.hpp">
			<Option target="Debug" />
			<Option target="Release" />
		</Unit>
		<Unit filename="include/UIObject.hpp">
			<Option target="Debug" />
			<Option target="Release" />
		</Unit>
		<Unit filename="include/Utils/Logger.hpp" />
		<Unit filename="include/Utils/Utils.hpp">
			<Option target="Debug" />
			<Option target="Release" />
		</Unit>
		<Unit filename="include/Window.hpp">
			<Option target="Debug" />
			<Option target="Release" />
		</Unit>
		<Unit filename="include/WindowManager.hpp">
			<Option target="Debug" />
			<Option target="Release" />
		</Unit>
		<Unit filename="src/Utils/Logger.cpp" />
		<Unit filename="src/main.cpp">
			<Option target="Debug" />
			<Option target="Release" />
		</Unit>
		<Unit filename="tests/testFormatString.cpp">
			<Option target="Tests" />
		</Unit>
		<Unit filename="tests/testScreenPosition.cpp">
			<Option target="Tests" />
		</Unit>
		<Unit filename="tests/testScreenRectangle.cpp">
			<Option target="Tests" />
		</Unit>
		<Unit filename="tests/testScreenSize.cpp">
			<Option target="Tests" />
		</Unit>
		<Unit filename="tests/testsMain.cpp">
			<Option target="Tests" />
		</Unit>
		<Extensions>
			<code_completion />
			<envvars />
			<debugger />
		</Extensions>
	</Project>
</CodeBlocks_project_file>
